
Microsoft Visual Studio Solution File, Format Version 12.00
# Visual Studio Version 16
VisualStudioVersion = 16.0.31205.134
MinimumVisualStudioVersion = 10.0.40219.1
Project("{FAE04EC0-301F-11D3-BF4B-00C04F79EFBC}") = "WebApplicationNetFramework", "WebApplicationNetFramework\WebApplicationNetFramework.csproj", "{ADE4CFD8-9DDF-4098-A3F6-F462EDCB3C34}"
EndProject
Project("{9A19103F-16F7-4668-BE54-9A1E7A4F7556}") = "WebApplicationNetCore", "WebApplicationNetCore\WebApplicationNetCore.csproj", "{6BC6A145-E4E8-487F-857E-C61F95D49683}"
EndProject
Project("{9A19103F-16F7-4668-BE54-9A1E7A4F7556}") = "WebApplicationSystemWeb", "WebApplicationSystemWeb\WebApplicationSystemWeb.csproj", "{3E4D8882-8360-4CE8-9EC1-9D62B7311B66}"
EndProject
Global
	GlobalSection(SolutionConfigurationPlatforms) = preSolution
		Debug|Any CPU = Debug|Any CPU
		Release|Any CPU = Release|Any CPU
	EndGlobalSection
	GlobalSection(ProjectConfigurationPlatforms) = postSolution
		{ADE4CFD8-9DDF-4098-A3F6-F462EDCB3C34}.Debug|Any CPU.ActiveCfg = Debug|Any CPU
		{ADE4CFD8-9DDF-4098-A3F6-F462EDCB3C34}.Debug|Any CPU.Build.0 = Debug|Any CPU
		{ADE4CFD8-9DDF-4098-A3F6-F462EDCB3C34}.Release|Any CPU.ActiveCfg = Release|Any CPU
		{ADE4CFD8-9DDF-4098-A3F6-F462EDCB3C34}.Release|Any CPU.Build.0 = Release|Any CPU
		{6BC6A145-E4E8-487F-857E-C61F95D49683}.Debug|Any CPU.ActiveCfg = Debug|Any CPU
		{6BC6A145-E4E8-487F-857E-C61F95D49683}.Debug|Any CPU.Build.0 = Debug|Any CPU
		{6BC6A145-E4E8-487F-857E-C61F95D49683}.Release|Any CPU.ActiveCfg = Release|Any CPU
		{6BC6A145-E4E8-487F-857E-C61F95D49683}.Release|Any CPU.Build.0 = Release|Any CPU
		{3E4D8882-8360-4CE8-9EC1-9D62B7311B66}.Debug|Any CPU.ActiveCfg = Debug|Any CPU
		{3E4D8882-8360-4CE8-9EC1-9D62B7311B66}.Debug|Any CPU.Build.0 = Debug|Any CPU
		{3E4D8882-8360-4CE8-9EC1-9D62B7311B66}.Release|Any CPU.ActiveCfg = Release|Any CPU
		{3E4D8882-8360-4CE8-9EC1-9D62B7311B66}.Release|Any CPU.Build.0 = Release|Any CPU
	EndGlobalSection
	GlobalSection(SolutionProperties) = preSolution
		HideSolutionNode = FALSE
	EndGlobalSection
	GlobalSection(ExtensibilityGlobals) = postSolution
		SolutionGuid = {DF587A5F-E888-44B6-BE30-4415283702AE}
	EndGlobalSection
EndGlobal
